# This file is automatically @generated by Poetry 1.7.0 and should not be changed by hand.

[[package]]
name = "chess"
version = "1.10.0"
description = "A chess library with move generation and validation, Polyglot opening book probing, PGN reading and writing, Gaviota tablebase probing, Syzygy tablebase probing, and XBoard/UCI engine communication."
optional = false
python-versions = ">=3.7"
files = [
    {file = "chess-1.10.0-py3-none-any.whl", hash = "sha256:48ff7c084a370811819cfc753c2ee159942356ada70824666bd01ee3fca170d0"},
    {file = "chess-1.10.0.tar.gz", hash = "sha256:bccde105f54aa436e899f92b4ba953731c65012a863fd9235683d0e2863ccd54"},
]

[metadata]
lock-version = "2.0"
python-versions = "^3.10"
content-hash = "1064fc3b4506270db48599f86df60fef6e4549339faa3756945080e068ae50be"
